
Microsoft Visual Studio Solution File, Format Version 12.00
# Visual Studio Version 17
VisualStudioVersion = 17.6.33801.468
MinimumVisualStudioVersion = 10.0.40219.1
Project("{9A19103F-16F7-4668-BE54-9A1E7A4F7556}") = "LibaryOnline", "LibaryOnline\LibaryOnline.csproj", "{21F27206-F925-4ABD-973E-E40159224A71}"
EndProject
Global
	GlobalSection(SolutionConfigurationPlatforms) = preSolution
		Debug|Any CPU = Debug|Any CPU
		Release|Any CPU = Release|Any CPU
	EndGlobalSection
	GlobalSection(ProjectConfigurationPlatforms) = postSolution
		{21F27206-F925-4ABD-973E-E40159224A71}.Debug|Any CPU.ActiveCfg = Debug|Any CPU
		{21F27206-F925-4ABD-973E-E40159224A71}.Debug|Any CPU.Build.0 = Debug|Any CPU
		{21F27206-F925-4ABD-973E-E40159224A71}.Release|Any CPU.ActiveCfg = Release|Any CPU
		{21F27206-F925-4ABD-973E-E40159224A71}.Release|Any CPU.Build.0 = Release|Any CPU
	EndGlobalSection
	GlobalSection(SolutionProperties) = preSolution
		HideSolutionNode = FALSE
	EndGlobalSection
	GlobalSection(ExtensibilityGlobals) = postSolution
		SolutionGuid = {366AB152-0FF5-41E0-B85A-19E9A2F62E84}
	EndGlobalSection
EndGlobal
